
Microsoft Visual Studio Solution File, Format Version 12.00
# Visual Studio Version 17
VisualStudioVersion = 17.8.34322.80
MinimumVisualStudioVersion = 10.0.40219.1
Project("{FAE04EC0-301F-11D3-BF4B-00C04F79EFBC}") = "ConsoleApp3", "ConsoleApp3\ConsoleApp3.csproj", "{DC6AE8D0-2DF8-48EC-89C1-4EAFA69698AD}"
EndProject
Global
	GlobalSection(SolutionConfigurationPlatforms) = preSolution
		Debug|Any CPU = Debug|Any CPU
		Release|Any CPU = Release|Any CPU
	EndGlobalSection
	GlobalSection(ProjectConfigurationPlatforms) = postSolution
		{DC6AE8D0-2DF8-48EC-89C1-4EAFA69698AD}.Debug|Any CPU.ActiveCfg = Debug|Any CPU
		{DC6AE8D0-2DF8-48EC-89C1-4EAFA69698AD}.Debug|Any CPU.Build.0 = Debug|Any CPU
		{DC6AE8D0-2DF8-48EC-89C1-4EAFA69698AD}.Release|Any CPU.ActiveCfg = Release|Any CPU
		{DC6AE8D0-2DF8-48EC-89C1-4EAFA69698AD}.Release|Any CPU.Build.0 = Release|Any CPU
	EndGlobalSection
	GlobalSection(SolutionProperties) = preSolution
		HideSolutionNode = FALSE
	EndGlobalSection
	GlobalSection(ExtensibilityGlobals) = postSolution
		SolutionGuid = {8E01F8DE-5D23-40A8-9221-37377F1F3C80}
	EndGlobalSection
EndGlobal
